{
  "name": "nft-base-sepolia-testnet",
  "version": "1.0.0",
  "lockfileVersion": 3,
  "requires": true,
  "packages": {
    "": {
      "name": "nft-base-sepolia-testnet",
      "version": "1.0.0",
      "dependencies": {
        "@upstash/redis": "^1.13.0",
        "ethers": "^6.13.0",
        "jose": "^5.9.6",
        "pinata": "latest"
      }
    },
    "node_modules/@adraffy/ens-normalize": {
      "version": "1.10.1",
      "resolved": "https://registry.npmjs.org/@adraffy/ens-normalize/-/ens-normalize-1.10.1.tgz",
      "integrity": "sha512-96Z2IP3mYmF1Xg2cDm8f1oWGZcl9oWL3K7DlD4MFQ8nG1x0aVf0OduWId+8KgvW7JN8Grw3bVqD6nJt5DRuQ==",
      "license": "MIT"
    },
    "node_modules/@noble/curves": {
      "version": "1.2.0",
      "resolved": "https://registry.npmjs.org/@noble/curves/-/curves-1.2.0.tgz",
      "integrity": "sha512-oYclrNgRaM9SsBUBVbb8M6DTV7ZHRTKugureoYEncY5c65HOmRzySiunKOe/VV6z0eKbxoYcW+8f3rZ8X6CkQA==",
      "license": "MIT",
      "dependencies": {
        "@noble/hashes": "1.3.2"
      },
      "funding": {
        "url": "https://paulmillr.com/funding/"
      }
    },
    "node_modules/@noble/hashes": {
      "version": "1.3.2",
      "resolved": "https://registry.npmjs.org/@noble/hashes/-/hashes-1.3.2.tgz",
      "integrity": "sha512-MVC8EAQp7MvEcm30KWENFjgR+Mkmf+D189XJTkFIlwoW6FUBvVgB4cIirwpkOoBxHbhhQIfgHMzK6l7hHxgQ9A==",
      "license": "MIT",
      "funding": {
        "url": "https://paulmillr.com/funding/"
      }
    },
    "node_modules/@upstash/redis": {
      "version": "1.13.0",
      "resolved": "https://registry.npmjs.org/@upstash/redis/-/redis-1.13.0.tgz",
      "integrity": "sha512-hXfGZ8L+KWj3lSn/NFk+3UGkCmn+Vm7P8HhfFBF+ZIjeA+k2tr7F/C6Wp6tDkGWK/qqDM2QmSxKUgwN7gpeFjA==",
      "license": "MIT",
      "engines": {
        "node": ">=16"
      }
    },
    "node_modules/aes-js": {
      "version": "4.0.0-beta.5",
      "resolved": "https://registry.npmjs.org/aes-js/-/aes-js-4.0.0-beta.5.tgz",
      "integrity": "sha512-G965FqalsNyrPqgEGON7nIx1e/OVENSgiRf6CxNBxfTfIqJ+JGQGkfGxH+5k0mX0UJzpIMiVW8q3qJq1KJfMPg==",
      "license": "MIT"
    },
    "node_modules/ethers": {
      "version": "6.13.0",
      "resolved": "https://registry.npmjs.org/ethers/-/ethers-6.13.0.tgz",
      "integrity": "sha512-3K0A9E2SDac1Pqc4I6Y7fb5gq0D6x+g/LOs5mcXq6D9BMaXTJ6sJO5i4QvgT4AYHJGPFq5wD/7PJqB6JpUYIQ==",
      "license": "MIT",
      "dependencies": {
        "@adraffy/ens-normalize": "1.10.1",
        "@noble/curves": "1.2.0",
        "@noble/hashes": "1.3.2",
        "@types/node": "18.15.13",
        "aes-js": "4.0.0-beta.5",
        "tslib": "2.4.0",
        "ws": "8.17.1"
      },
      "engines": {
        "node": ">=14.0.0"
      }
    },
    "node_modules/jose": {
      "version": "5.9.6",
      "resolved": "https://registry.npmjs.org/jose/-/jose-5.9.6.tgz",
      "integrity": "sha512-VjL0uS3ZDiQoJ5aiP6bFj05D8HhCN7VONgsiGA5HYkkJbQ2Z10gWknJ3IqDkGJjM0BnHCzLuY+3Kd5Bn/4E1Ow==",
      "license": "MIT",
      "funding": {
        "url": "https://github.com/sponsors/panva"
      }
    },
    "node_modules/pinata": {
      "version": "0.5.3",
      "resolved": "https://registry.npmjs.org/pinata/-/pinata-0.5.3.tgz",
      "integrity": "sha512-mgD3nKDCxXz6UBGjS5F3VHJ2g7nSCwJdVuSfpJQ9LHntCwNYnY6PZmFEMR0uSefI5CfTWJkfKc/K9Zk7PxRGDA==",
      "license": "MIT",
      "dependencies": {
        "undici": "^6.19.8"
      }
    },
    "node_modules/pinata/node_modules/undici": {
      "version": "6.19.8",
      "resolved": "https://registry.npmjs.org/undici/-/undici-6.19.8.tgz",
      "integrity": "sha512-HfNqMU2jlRHEjE8Cl4l8VdKj0Z0H7Tl9l2FVr0yJ7HGM8vhJfM7B/G8o7AWbCt3Q7HzsMxSRqI9cCECPeMljQ==",
      "license": "MIT",
      "engines": {
        "node": ">=18.17"
      }
    },
    "node_modules/tslib": {
      "version": "2.4.0",
      "resolved": "https://registry.npmjs.org/tslib/-/tslib-2.4.0.tgz",
      "integrity": "sha512-d6xOpEDfsi2CZVlPQzGeux8XMwLT9hssAsaPYExaQMuYskwb+x1x7J371tWlbBdWHroy99KnVB6qIkNIuBSGTw==",
      "license": "0BSD"
    },
    "node_modules/ws": {
      "version": "8.17.1",
      "resolved": "https://registry.npmjs.org/ws/-/ws-8.17.1.tgz",
      "integrity": "sha512-6XQFvXTkbfUOZOKKILFG1PDK2NDQs4azKQl26T0YS5CxqWLgXajbPZ+h4gZekJyRqFU8pvnbAbbs/3TgRPy+GQ==",
      "license": "MIT",
      "engines": {
        "node": ">=10.0.0"
      },
      "peerDependencies": {
        "bufferutil": "^4.0.1",
        "utf-8-validate": ">=5.0.2"
      },
      "peerDependenciesMeta": {
        "bufferutil": {
          "optional": true
        },
        "utf-8-validate": {
          "optional": true
        }
      }
    }
  }
}
